// !$*UTF8*$!
{
	archiveVersion = 1;
	classes = {
	};
	objectVersion = 51;
	objects = {

/* Begin PBXBuildFile section */
		3D4EA423E11B15828CEAB7B8 /* Pods_BookRentalAappTests.framework in Frameworks */ = {isa = PBXBuildFile; fileRef = A084B2BDDD9633FEBF7BC8FF /* Pods_BookRentalAappTests.framework */; };
		5A4A6B0BFEC7A6602D4767D2 /* Pods_BookRentalAapp.framework in Frameworks */ = {isa = PBXBuildFile; fileRef = DB6C257C99D5CA37576991E4 /* Pods_BookRentalAapp.framework */; };
		C5178A5226AF956100397165 /* LoginViewController.swift in Sources */ = {isa = PBXBuildFile; fileRef = C5178A5126AF956100397165 /* LoginViewController.swift */; };
		C5178A5726AF96CC00397165 /* User.swift in Sources */ = {isa = PBXBuildFile; fileRef = C5178A5626AF96CC00397165 /* User.swift */; };
		C5178A5926AF9AA100397165 /* SignupViewController.swift in Sources */ = {isa = PBXBuildFile; fileRef = C5178A5826AF9AA100397165 /* SignupViewController.swift */; };
		C5178A5B26AF9ACA00397165 /* ResetPasswordViewController.swift in Sources */ = {isa = PBXBuildFile; fileRef = C5178A5A26AF9ACA00397165 /* ResetPasswordViewController.swift */; };
		C57CB75826A7BFB4009495FE /* AppDelegate.swift in Sources */ = {isa = PBXBuildFile; fileRef = C57CB75726A7BFB4009495FE /* AppDelegate.swift */; };
		C57CB75A26A7BFB4009495FE /* SceneDelegate.swift in Sources */ = {isa = PBXBuildFile; fileRef = C57CB75926A7BFB4009495FE /* SceneDelegate.swift */; };
		C57CB75C26A7BFB4009495FE /* ViewController.swift in Sources */ = {isa = PBXBuildFile; fileRef = C57CB75B26A7BFB4009495FE /* ViewController.swift */; };
		C57CB75F26A7BFB4009495FE /* Main.storyboard in Resources */ = {isa = PBXBuildFile; fileRef = C57CB75D26A7BFB4009495FE /* Main.storyboard */; };
		C57CB76126A7BFB5009495FE /* Assets.xcassets in Resources */ = {isa = PBXBuildFile; fileRef = C57CB76026A7BFB5009495FE /* Assets.xcassets */; };
		C57CB76426A7BFB5009495FE /* LaunchScreen.storyboard in Resources */ = {isa = PBXBuildFile; fileRef = C57CB76226A7BFB5009495FE /* LaunchScreen.storyboard */; };
		C57CB76F26A7BFB5009495FE /* BookRentalAappTests.swift in Sources */ = {isa = PBXBuildFile; fileRef = C57CB76E26A7BFB5009495FE /* BookRentalAappTests.swift */; };
		C57CB77A26A7BFB5009495FE /* BookRentalAappUITests.swift in Sources */ = {isa = PBXBuildFile; fileRef = C57CB77926A7BFB5009495FE /* BookRentalAappUITests.swift */; };
		C5B84E9B26A7C52900DF3118 /* Network.swift in Sources */ = {isa = PBXBuildFile; fileRef = C5B84E9A26A7C52900DF3118 /* Network.swift */; };
		C5B84E9D26A7CE1200DF3118 /* BookCell.swift in Sources */ = {isa = PBXBuildFile; fileRef = C5B84E9C26A7CE1200DF3118 /* BookCell.swift */; };
		C5F936FF26AA7153003FE50C /* Book.swift in Sources */ = {isa = PBXBuildFile; fileRef = C5F936FE26AA7153003FE50C /* Book.swift */; };
		C5F9370126AA766D003FE50C /* DetailsViewController.swift in Sources */ = {isa = PBXBuildFile; fileRef = C5F9370026AA766D003FE50C /* DetailsViewController.swift */; };
		C881C4AD0D6E5D425CD3EF52 /* Pods_BookRentalAapp_BookRentalAappUITests.framework in Frameworks */ = {isa = PBXBuildFile; fileRef = 6A8CD8A29E5B41EBEA2B7A66 /* Pods_BookRentalAapp_BookRentalAappUITests.framework */; };
/* End PBXBuildFile section */

/* Begin PBXContainerItemProxy section */
		C57CB76B26A7BFB5009495FE /* PBXContainerItemProxy */ = {
			isa = PBXContainerItemProxy;
			containerPortal = C57CB74C26A7BFB4009495FE /* Project object */;
			proxyType = 1;
			remoteGlobalIDString = C57CB75326A7BFB4009495FE;
			remoteInfo = BookRentalAapp;
		};
		C57CB77626A7BFB5009495FE /* PBXContainerItemProxy */ = {
			isa = PBXContainerItemProxy;
			containerPortal = C57CB74C26A7BFB4009495FE /* Project object */;
			proxyType = 1;
			remoteGlobalIDString = C57CB75326A7BFB4009495FE;
			remoteInfo = BookRentalAapp;
		};
/* End PBXContainerItemProxy section */

/* Begin PBXFileReference section */
		0B25731B880A4C0DBE0508A6 /* Pods-BookRentalAapp-BookRentalAappUITests.debug.xcconfig */ = {isa = PBXFileReference; includeInIndex = 1; lastKnownFileType = text.xcconfig; name = "Pods-BookRentalAapp-BookRentalAappUITests.debug.xcconfig"; path = "Target Support Files/Pods-BookRentalAapp-BookRentalAappUITests/Pods-BookRentalAapp-BookRentalAappUITests.debug.xcconfig"; sourceTree = "<group>"; };
		23BDFBC47564401B3FAC2142 /* Pods-BookRentalAapp-BookRentalAappUITests.release.xcconfig */ = {isa = PBXFileReference; includeInIndex = 1; lastKnownFileType = text.xcconfig; name = "Pods-BookRentalAapp-BookRentalAappUITests.release.xcconfig"; path = "Target Support Files/Pods-BookRentalAapp-BookRentalAappUITests/Pods-BookRentalAapp-BookRentalAappUITests.release.xcconfig"; sourceTree = "<group>"; };
		5E7A2C75C222DAB1F23A8B39 /* Pods-BookRentalAapp.release.xcconfig */ = {isa = PBXFileReference; includeInIndex = 1; lastKnownFileType = text.xcconfig; name = "Pods-BookRentalAapp.release.xcconfig"; path = "Target Support Files/Pods-BookRentalAapp/Pods-BookRentalAapp.release.xcconfig"; sourceTree = "<group>"; };
		6084B5B3D7DA38834A5227A0 /* Pods-BookRentalAappTests.debug.xcconfig */ = {isa = PBXFileReference; includeInIndex = 1; lastKnownFileType = text.xcconfig; name = "Pods-BookRentalAappTests.debug.xcconfig"; path = "Target Support Files/Pods-BookRentalAappTests/Pods-BookRentalAappTests.debug.xcconfig"; sourceTree = "<group>"; };
		6A8CD8A29E5B41EBEA2B7A66 /* Pods_BookRentalAapp_BookRentalAappUITests.framework */ = {isa = PBXFileReference; explicitFileType = wrapper.framework; includeInIndex = 0; path = Pods_BookRentalAapp_BookRentalAappUITests.framework; sourceTree = BUILT_PRODUCTS_DIR; };
		A084B2BDDD9633FEBF7BC8FF /* Pods_BookRentalAappTests.framework */ = {isa = PBXFileReference; explicitFileType = wrapper.framework; includeInIndex = 0; path = Pods_BookRentalAappTests.framework; sourceTree = BUILT_PRODUCTS_DIR; };
		C5178A5126AF956100397165 /* LoginViewController.swift */ = {isa = PBXFileReference; lastKnownFileType = sourcecode.swift; path = LoginViewController.swift; sourceTree = "<group>"; };
		C5178A5626AF96CC00397165 /* User.swift */ = {isa = PBXFileReference; lastKnownFileType = sourcecode.swift; path = User.swift; sourceTree = "<group>"; };
		C5178A5826AF9AA100397165 /* SignupViewController.swift */ = {isa = PBXFileReference; lastKnownFileType = sourcecode.swift; path = SignupViewController.swift; sourceTree = "<group>"; };
		C5178A5A26AF9ACA00397165 /* ResetPasswordViewController.swift */ = {isa = PBXFileReference; lastKnownFileType = sourcecode.swift; path = ResetPasswordViewController.swift; sourceTree = "<group>"; };
		C57CB75426A7BFB4009495FE /* BookRentalAapp.app */ = {isa = PBXFileReference; explicitFileType = wrapper.application; includeInIndex = 0; path = BookRentalAapp.app; sourceTree = BUILT_PRODUCTS_DIR; };
		C57CB75726A7BFB4009495FE /* AppDelegate.swift */ = {isa = PBXFileReference; lastKnownFileType = sourcecode.swift; path = AppDelegate.swift; sourceTree = "<group>"; };
		C57CB75926A7BFB4009495FE /* SceneDelegate.swift */ = {isa = PBXFileReference; lastKnownFileType = sourcecode.swift; path = SceneDelegate.swift; sourceTree = "<group>"; };
		C57CB75B26A7BFB4009495FE /* ViewController.swift */ = {isa = PBXFileReference; lastKnownFileType = sourcecode.swift; path = ViewController.swift; sourceTree = "<group>"; };
		C57CB75E26A7BFB4009495FE /* Base */ = {isa = PBXFileReference; lastKnownFileType = file.storyboard; name = Base; path = Base.lproj/Main.storyboard; sourceTree = "<group>"; };
		C57CB76026A7BFB5009495FE /* Assets.xcassets */ = {isa = PBXFileReference; lastKnownFileType = folder.assetcatalog; path = Assets.xcassets; sourceTree = "<group>"; };
		C57CB76326A7BFB5009495FE /* Base */ = {isa = PBXFileReference; lastKnownFileType = file.storyboard; name = Base; path = Base.lproj/LaunchScreen.storyboard; sourceTree = "<group>"; };
		C57CB76526A7BFB5009495FE /* Info.plist */ = {isa = PBXFileReference; lastKnownFileType = text.plist.xml; path = Info.plist; sourceTree = "<group>"; };
		C57CB76A26A7BFB5009495FE /* BookRentalAappTests.xctest */ = {isa = PBXFileReference; explicitFileType = wrapper.cfbundle; includeInIndex = 0; path = BookRentalAappTests.xctest; sourceTree = BUILT_PRODUCTS_DIR; };
		C57CB76E26A7BFB5009495FE /* BookRentalAappTests.swift */ = {isa = PBXFileReference; lastKnownFileType = sourcecode.swift; path = BookRentalAappTests.swift; sourceTree = "<group>"; };
		C57CB77026A7BFB5009495FE /* Info.plist */ = {isa = PBXFileReference; lastKnownFileType = text.plist.xml; path = Info.plist; sourceTree = "<group>"; };
		C57CB77526A7BFB5009495FE /* BookRentalAappUITests.xctest */ = {isa = PBXFileReference; explicitFileType = wrapper.cfbundle; includeInIndex = 0; path = BookRentalAappUITests.xctest; sourceTree = BUILT_PRODUCTS_DIR; };
		C57CB77926A7BFB5009495FE /* BookRentalAappUITests.swift */ = {isa = PBXFileReference; lastKnownFileType = sourcecode.swift; path = BookRentalAappUITests.swift; sourceTree = "<group>"; };
		C57CB77B26A7BFB5009495FE /* Info.plist */ = {isa = PBXFileReference; lastKnownFileType = text.plist.xml; path = Info.plist; sourceTree = "<group>"; };
		C5B84E9A26A7C52900DF3118 /* Network.swift */ = {isa = PBXFileReference; lastKnownFileType = sourcecode.swift; path = Network.swift; sourceTree = "<group>"; };
		C5B84E9C26A7CE1200DF3118 /* BookCell.swift */ = {isa = PBXFileReference; lastKnownFileType = sourcecode.swift; path = BookCell.swift; sourceTree = "<group>"; };
		C5F936FE26AA7153003FE50C /* Book.swift */ = {isa = PBXFileReference; lastKnownFileType = sourcecode.swift; path = Book.swift; sourceTree = "<group>"; };
		C5F9370026AA766D003FE50C /* DetailsViewController.swift */ = {isa = PBXFileReference; lastKnownFileType = sourcecode.swift; path = DetailsViewController.swift; sourceTree = "<group>"; };
		DB6C257C99D5CA37576991E4 /* Pods_BookRentalAapp.framework */ = {isa = PBXFileReference; explicitFileType = wrapper.framework; includeInIndex = 0; path = Pods_BookRentalAapp.framework; sourceTree = BUILT_PRODUCTS_DIR; };
		DF5010A5B712B22DED6F546F /* Pods-BookRentalAapp.debug.xcconfig */ = {isa = PBXFileReference; includeInIndex = 1; lastKnownFileType = text.xcconfig; name = "Pods-BookRentalAapp.debug.xcconfig"; path = "Target Support Files/Pods-BookRentalAapp/Pods-BookRentalAapp.debug.xcconfig"; sourceTree = "<group>"; };
		FF1EF958B7AFB851A71AFB1D /* Pods-BookRentalAappTests.release.xcconfig */ = {isa = PBXFileReference; includeInIndex = 1; lastKnownFileType = text.xcconfig; name = "Pods-BookRentalAappTests.release.xcconfig"; path = "Target Support Files/Pods-BookRentalAappTests/Pods-BookRentalAappTests.release.xcconfig"; sourceTree = "<group>"; };
/* End PBXFileReference section */

/* Begin PBXFrameworksBuildPhase section */
		C57CB75126A7BFB4009495FE /* Frameworks */ = {
			isa = PBXFrameworksBuildPhase;
			buildActionMask = 2147483647;
			files = (
				5A4A6B0BFEC7A6602D4767D2 /* Pods_BookRentalAapp.framework in Frameworks */,
			);
			runOnlyForDeploymentPostprocessing = 0;
		};
		C57CB76726A7BFB5009495FE /* Frameworks */ = {
			isa = PBXFrameworksBuildPhase;
			buildActionMask = 2147483647;
			files = (
				3D4EA423E11B15828CEAB7B8 /* Pods_BookRentalAappTests.framework in Frameworks */,
			);
			runOnlyForDeploymentPostprocessing = 0;
		};
		C57CB77226A7BFB5009495FE /* Frameworks */ = {
			isa = PBXFrameworksBuildPhase;
			buildActionMask = 2147483647;
			files = (
				C881C4AD0D6E5D425CD3EF52 /* Pods_BookRentalAapp_BookRentalAappUITests.framework in Frameworks */,
			);
			runOnlyForDeploymentPostprocessing = 0;
		};
/* End PBXFrameworksBuildPhase section */

/* Begin PBXGroup section */
		04E9AA4EF4D81A0FA6DC4C9D /* Pods */ = {
			isa = PBXGroup;
			children = (
				DF5010A5B712B22DED6F546F /* Pods-BookRentalAapp.debug.xcconfig */,
				5E7A2C75C222DAB1F23A8B39 /* Pods-BookRentalAapp.release.xcconfig */,
				0B25731B880A4C0DBE0508A6 /* Pods-BookRentalAapp-BookRentalAappUITests.debug.xcconfig */,
				23BDFBC47564401B3FAC2142 /* Pods-BookRentalAapp-BookRentalAappUITests.release.xcconfig */,
				6084B5B3D7DA38834A5227A0 /* Pods-BookRentalAappTests.debug.xcconfig */,
				FF1EF958B7AFB851A71AFB1D /* Pods-BookRentalAappTests.release.xcconfig */,
			);
			path = Pods;
			sourceTree = "<group>";
		};
		62D8AFE0BFEF8F83F5624381 /* Frameworks */ = {
			isa = PBXGroup;
			children = (
				DB6C257C99D5CA37576991E4 /* Pods_BookRentalAapp.framework */,
				6A8CD8A29E5B41EBEA2B7A66 /* Pods_BookRentalAapp_BookRentalAappUITests.framework */,
				A084B2BDDD9633FEBF7BC8FF /* Pods_BookRentalAappTests.framework */,
			);
			name = Frameworks;
			sourceTree = "<group>";
		};
		C5178A5326AF964100397165 /* API */ = {
			isa = PBXGroup;
			children = (
				C5B84E9A26A7C52900DF3118 /* Network.swift */,
			);
			path = API;
			sourceTree = "<group>";
		};
		C5178A5426AF965300397165 /* Views */ = {
			isa = PBXGroup;
			children = (
				C5B84E9C26A7CE1200DF3118 /* BookCell.swift */,
			);
			path = Views;
			sourceTree = "<group>";
		};
		C5178A5526AF966800397165 /* ViewControllers */ = {
			isa = PBXGroup;
			children = (
				C57CB75B26A7BFB4009495FE /* ViewController.swift */,
				C5F9370026AA766D003FE50C /* DetailsViewController.swift */,
				C5178A5126AF956100397165 /* LoginViewController.swift */,
			);
			path = ViewControllers;
			sourceTree = "<group>";
		};
		C57CB74B26A7BFB4009495FE = {
			isa = PBXGroup;
			children = (
				C57CB75626A7BFB4009495FE /* BookRentalAapp */,
				C57CB76D26A7BFB5009495FE /* BookRentalAappTests */,
				C57CB77826A7BFB5009495FE /* BookRentalAappUITests */,
				C57CB75526A7BFB4009495FE /* Products */,
				04E9AA4EF4D81A0FA6DC4C9D /* Pods */,
				62D8AFE0BFEF8F83F5624381 /* Frameworks */,
			);
			sourceTree = "<group>";
		};
		C57CB75526A7BFB4009495FE /* Products */ = {
			isa = PBXGroup;
			children = (
				C57CB75426A7BFB4009495FE /* BookRentalAapp.app */,
				C57CB76A26A7BFB5009495FE /* BookRentalAappTests.xctest */,
				C57CB77526A7BFB5009495FE /* BookRentalAappUITests.xctest */,
			);
			name = Products;
			sourceTree = "<group>";
		};
		C57CB75626A7BFB4009495FE /* BookRentalAapp */ = {
			isa = PBXGroup;
			children = (
				C5F936FD26AA713E003FE50C /* Models */,
				C5178A5426AF965300397165 /* Views */,
				C5178A5526AF966800397165 /* ViewControllers */,
				C5178A5326AF964100397165 /* API */,
				C57CB76026A7BFB5009495FE /* Assets.xcassets */,
				C57CB75D26A7BFB4009495FE /* Main.storyboard */,
				C5178A5A26AF9ACA00397165 /* ResetPasswordViewController.swift */,
				C5178A5826AF9AA100397165 /* SignupViewController.swift */,
				C57CB75726A7BFB4009495FE /* AppDelegate.swift */,
				C57CB75926A7BFB4009495FE /* SceneDelegate.swift */,
				C57CB76226A7BFB5009495FE /* LaunchScreen.storyboard */,
				C57CB76526A7BFB5009495FE /* Info.plist */,
			);
			path = BookRentalAapp;
			sourceTree = "<group>";
		};
		C57CB76D26A7BFB5009495FE /* BookRentalAappTests */ = {
			isa = PBXGroup;
			children = (
				C57CB76E26A7BFB5009495FE /* BookRentalAappTests.swift */,
				C57CB77026A7BFB5009495FE /* Info.plist */,
			);
			path = BookRentalAappTests;
			sourceTree = "<group>";
		};
		C57CB77826A7BFB5009495FE /* BookRentalAappUITests */ = {
			isa = PBXGroup;
			children = (
				C57CB77926A7BFB5009495FE /* BookRentalAappUITests.swift */,
				C57CB77B26A7BFB5009495FE /* Info.plist */,
			);
			path = BookRentalAappUITests;
			sourceTree = "<group>";
		};
		C5F936FD26AA713E003FE50C /* Models */ = {
			isa = PBXGroup;
			children = (
				C5F936FE26AA7153003FE50C /* Book.swift */,
				C5178A5626AF96CC00397165 /* User.swift */,
			);
			path = Models;
			sourceTree = "<group>";
		};
/* End PBXGroup section */

/* Begin PBXNativeTarget section */
		C57CB75326A7BFB4009495FE /* BookRentalAapp */ = {
			isa = PBXNativeTarget;
			buildConfigurationList = C57CB77E26A7BFB5009495FE /* Build configuration list for PBXNativeTarget "BookRentalAapp" */;
			buildPhases = (
				52C012D3D68A8B8D0419519F /* [CP] Check Pods Manifest.lock */,
				C57CB75026A7BFB4009495FE /* Sources */,
				C57CB75126A7BFB4009495FE /* Frameworks */,
				C57CB75226A7BFB4009495FE /* Resources */,
				F35ACF6BB733537068F101B9 /* [CP] Embed Pods Frameworks */,
			);
			buildRules = (
			);
			dependencies = (
			);
			name = BookRentalAapp;
			productName = BookRentalAapp;
			productReference = C57CB75426A7BFB4009495FE /* BookRentalAapp.app */;
			productType = "com.apple.product-type.application";
		};
		C57CB76926A7BFB5009495FE /* BookRentalAappTests */ = {
			isa = PBXNativeTarget;
			buildConfigurationList = C57CB78126A7BFB5009495FE /* Build configuration list for PBXNativeTarget "BookRentalAappTests" */;
			buildPhases = (
				AAD7F523E964C5204BF4B6CE /* [CP] Check Pods Manifest.lock */,
				C57CB76626A7BFB5009495FE /* Sources */,
				C57CB76726A7BFB5009495FE /* Frameworks */,
				C57CB76826A7BFB5009495FE /* Resources */,
			);
			buildRules = (
			);
			dependencies = (
				C57CB76C26A7BFB5009495FE /* PBXTargetDependency */,
			);
			name = BookRentalAappTests;
			productName = BookRentalAappTests;
			productReference = C57CB76A26A7BFB5009495FE /* BookRentalAappTests.xctest */;
			productType = "com.apple.product-type.bundle.unit-test";
		};
		C57CB77426A7BFB5009495FE /* BookRentalAappUITests */ = {
			isa = PBXNativeTarget;
			buildConfigurationList = C57CB78426A7BFB5009495FE /* Build configuration list for PBXNativeTarget "BookRentalAappUITests" */;
			buildPhases = (
				B549274739F486DB59920AC0 /* [CP] Check Pods Manifest.lock */,
				C57CB77126A7BFB5009495FE /* Sources */,
				C57CB77226A7BFB5009495FE /* Frameworks */,
				C57CB77326A7BFB5009495FE /* Resources */,
				3409C404BE592287ADAD9A81 /* [CP] Embed Pods Frameworks */,
			);
			buildRules = (
			);
			dependencies = (
				C57CB77726A7BFB5009495FE /* PBXTargetDependency */,
			);
			name = BookRentalAappUITests;
			productName = BookRentalAappUITests;
			productReference = C57CB77526A7BFB5009495FE /* BookRentalAappUITests.xctest */;
			productType = "com.apple.product-type.bundle.ui-testing";
		};
/* End PBXNativeTarget section */

/* Begin PBXProject section */
		C57CB74C26A7BFB4009495FE /* Project object */ = {
			isa = PBXProject;
			attributes = {
				LastSwiftUpdateCheck = 1250;
				LastUpgradeCheck = 1250;
				TargetAttributes = {
					C57CB75326A7BFB4009495FE = {
						CreatedOnToolsVersion = 12.5.1;
					};
					C57CB76926A7BFB5009495FE = {
						CreatedOnToolsVersion = 12.5.1;
						TestTargetID = C57CB75326A7BFB4009495FE;
					};
					C57CB77426A7BFB5009495FE = {
						CreatedOnToolsVersion = 12.5.1;
						TestTargetID = C57CB75326A7BFB4009495FE;
					};
				};
			};
			buildConfigurationList = C57CB74F26A7BFB4009495FE /* Build configuration list for PBXProject "BookRentalAapp" */;
			compatibilityVersion = "Xcode 9.3";
			developmentRegion = en;
			hasScannedForEncodings = 0;
			knownRegions = (
				en,
				Base,
			);
			mainGroup = C57CB74B26A7BFB4009495FE;
			productRefGroup = C57CB75526A7BFB4009495FE /* Products */;
			projectDirPath = "";
			projectRoot = "";
			targets = (
				C57CB75326A7BFB4009495FE /* BookRentalAapp */,
				C57CB76926A7BFB5009495FE /* BookRentalAappTests */,
				C57CB77426A7BFB5009495FE /* BookRentalAappUITests */,
			);
		};
/* End PBXProject section */

/* Begin PBXResourcesBuildPhase section */
		C57CB75226A7BFB4009495FE /* Resources */ = {
			isa = PBXResourcesBuildPhase;
			buildActionMask = 2147483647;
			files = (
				C57CB76426A7BFB5009495FE /* LaunchScreen.storyboard in Resources */,
				C57CB76126A7BFB5009495FE /* Assets.xcassets in Resources */,
				C57CB75F26A7BFB4009495FE /* Main.storyboard in Resources */,
			);
			runOnlyForDeploymentPostprocessing = 0;
		};
		C57CB76826A7BFB5009495FE /* Resources */ = {
			isa = PBXResourcesBuildPhase;
			buildActionMask = 2147483647;
			files = (
			);
			runOnlyForDeploymentPostprocessing = 0;
		};
		C57CB77326A7BFB5009495FE /* Resources */ = {
			isa = PBXResourcesBuildPhase;
			buildActionMask = 2147483647;
			files = (
			);
			runOnlyForDeploymentPostprocessing = 0;
		};
/* End PBXResourcesBuildPhase section */

/* Begin PBXShellScriptBuildPhase section */
		3409C404BE592287ADAD9A81 /* [CP] Embed Pods Frameworks */ = {
			isa = PBXShellScriptBuildPhase;
			buildActionMask = 2147483647;
			files = (
			);
			inputFileListPaths = (
				"${PODS_ROOT}/Target Support Files/Pods-BookRentalAapp-BookRentalAappUITests/Pods-BookRentalAapp-BookRentalAappUITests-frameworks-${CONFIGURATION}-input-files.xcfilelist",
			);
			name = "[CP] Embed Pods Frameworks";
			outputFileListPaths = (
				"${PODS_ROOT}/Target Support Files/Pods-BookRentalAapp-BookRentalAappUITests/Pods-BookRentalAapp-BookRentalAappUITests-frameworks-${CONFIGURATION}-output-files.xcfilelist",
			);
			runOnlyForDeploymentPostprocessing = 0;
			shellPath = /bin/sh;
			shellScript = "\"${PODS_ROOT}/Target Support Files/Pods-BookRentalAapp-BookRentalAappUITests/Pods-BookRentalAapp-BookRentalAappUITests-frameworks.sh\"\n";
			showEnvVarsInLog = 0;
		};
		52C012D3D68A8B8D0419519F /* [CP] Check Pods Manifest.lock */ = {
			isa = PBXShellScriptBuildPhase;
			buildActionMask = 2147483647;
			files = (
			);
			inputFileListPaths = (
			);
			inputPaths = (
				"${PODS_PODFILE_DIR_PATH}/Podfile.lock",
				"${PODS_ROOT}/Manifest.lock",
			);
			name = "[CP] Check Pods Manifest.lock";
			outputFileListPaths = (
			);
			outputPaths = (
				"$(DERIVED_FILE_DIR)/Pods-BookRentalAapp-checkManifestLockResult.txt",
			);
			runOnlyForDeploymentPostprocessing = 0;
			shellPath = /bin/sh;
			shellScript = "diff \"${PODS_PODFILE_DIR_PATH}/Podfile.lock\" \"${PODS_ROOT}/Manifest.lock\" > /dev/null\nif [ $? != 0 ] ; then\n    # print error to STDERR\n    echo \"error: The sandbox is not in sync with the Podfile.lock. Run 'pod install' or update your CocoaPods installation.\" >&2\n    exit 1\nfi\n# This output is used by Xcode 'outputs' to avoid re-running this script phase.\necho \"SUCCESS\" > \"${SCRIPT_OUTPUT_FILE_0}\"\n";
			showEnvVarsInLog = 0;
		};
		AAD7F523E964C5204BF4B6CE /* [CP] Check Pods Manifest.lock */ = {
			isa = PBXShellScriptBuildPhase;
			buildActionMask = 2147483647;
			files = (
			);
			inputFileListPaths = (
			);
			inputPaths = (
				"${PODS_PODFILE_DIR_PATH}/Podfile.lock",
				"${PODS_ROOT}/Manifest.lock",
			);
			name = "[CP] Check Pods Manifest.lock";
			outputFileListPaths = (
			);
			outputPaths = (
				"$(DERIVED_FILE_DIR)/Pods-BookRentalAappTests-checkManifestLockResult.txt",
			);
			runOnlyForDeploymentPostprocessing = 0;
			shellPath = /bin/sh;
			shellScript = "diff \"${PODS_PODFILE_DIR_PATH}/Podfile.lock\" \"${PODS_ROOT}/Manifest.lock\" > /dev/null\nif [ $? != 0 ] ; then\n    # print error to STDERR\n    echo \"error: The sandbox is not in sync with the Podfile.lock. Run 'pod install' or update your CocoaPods installation.\" >&2\n    exit 1\nfi\n# This output is used by Xcode 'outputs' to avoid re-running this script phase.\necho \"SUCCESS\" > \"${SCRIPT_OUTPUT_FILE_0}\"\n";
			showEnvVarsInLog = 0;
		};
		B549274739F486DB59920AC0 /* [CP] Check Pods Manifest.lock */ = {
			isa = PBXShellScriptBuildPhase;
			buildActionMask = 2147483647;
			files = (
			);
			inputFileListPaths = (
			);
			inputPaths = (
				"${PODS_PODFILE_DIR_PATH}/Podfile.lock",
				"${PODS_ROOT}/Manifest.lock",
			);
			name = "[CP] Check Pods Manifest.lock";
			outputFileListPaths = (
			);
			outputPaths = (
				"$(DERIVED_FILE_DIR)/Pods-BookRentalAapp-BookRentalAappUITests-checkManifestLockResult.txt",
			);
			runOnlyForDeploymentPostprocessing = 0;
			shellPath = /bin/sh;
			shellScript = "diff \"${PODS_PODFILE_DIR_PATH}/Podfile.lock\" \"${PODS_ROOT}/Manifest.lock\" > /dev/null\nif [ $? != 0 ] ; then\n    # print error to STDERR\n    echo \"error: The sandbox is not in sync with the Podfile.lock. Run 'pod install' or update your CocoaPods installation.\" >&2\n    exit 1\nfi\n# This output is used by Xcode 'outputs' to avoid re-running this script phase.\necho \"SUCCESS\" > \"${SCRIPT_OUTPUT_FILE_0}\"\n";
			showEnvVarsInLog = 0;
		};
		F35ACF6BB733537068F101B9 /* [CP] Embed Pods Frameworks */ = {
			isa = PBXShellScriptBuildPhase;
			buildActionMask = 2147483647;
			files = (
			);
			inputFileListPaths = (
				"${PODS_ROOT}/Target Support Files/Pods-BookRentalAapp/Pods-BookRentalAapp-frameworks-${CONFIGURATION}-input-files.xcfilelist",
			);
			name = "[CP] Embed Pods Frameworks";
			outputFileListPaths = (
				"${PODS_ROOT}/Target Support Files/Pods-BookRentalAapp/Pods-BookRentalAapp-frameworks-${CONFIGURATION}-output-files.xcfilelist",
			);
			runOnlyForDeploymentPostprocessing = 0;
			shellPath = /bin/sh;
			shellScript = "\"${PODS_ROOT}/Target Support Files/Pods-BookRentalAapp/Pods-BookRentalAapp-frameworks.sh\"\n";
			showEnvVarsInLog = 0;
		};
/* End PBXShellScriptBuildPhase section */

/* Begin PBXSourcesBuildPhase section */
		C57CB75026A7BFB4009495FE /* Sources */ = {
			isa = PBXSourcesBuildPhase;
			buildActionMask = 2147483647;
			files = (
				C57CB75C26A7BFB4009495FE /* ViewController.swift in Sources */,
				C57CB75826A7BFB4009495FE /* AppDelegate.swift in Sources */,
				C5178A5926AF9AA100397165 /* SignupViewController.swift in Sources */,
				C5178A5B26AF9ACA00397165 /* ResetPasswordViewController.swift in Sources */,
				C5F936FF26AA7153003FE50C /* Book.swift in Sources */,
				C5B84E9B26A7C52900DF3118 /* Network.swift in Sources */,
				C5178A5226AF956100397165 /* LoginViewController.swift in Sources */,
				C5178A5726AF96CC00397165 /* User.swift in Sources */,
				C5F9370126AA766D003FE50C /* DetailsViewController.swift in Sources */,
				C57CB75A26A7BFB4009495FE /* SceneDelegate.swift in Sources */,
				C5B84E9D26A7CE1200DF3118 /* BookCell.swift in Sources */,
			);
			runOnlyForDeploymentPostprocessing = 0;
		};
		C57CB76626A7BFB5009495FE /* Sources */ = {
			isa = PBXSourcesBuildPhase;
			buildActionMask = 2147483647;
			files = (
				C57CB76F26A7BFB5009495FE /* BookRentalAappTests.swift in Sources */,
			);
			runOnlyForDeploymentPostprocessing = 0;
		};
		C57CB77126A7BFB5009495FE /* Sources */ = {
			isa = PBXSourcesBuildPhase;
			buildActionMask = 2147483647;
			files = (
				C57CB77A26A7BFB5009495FE /* BookRentalAappUITests.swift in Sources */,
			);
			runOnlyForDeploymentPostprocessing = 0;
		};
/* End PBXSourcesBuildPhase section */

/* Begin PBXTargetDependency section */
		C57CB76C26A7BFB5009495FE /* PBXTargetDependency */ = {
			isa = PBXTargetDependency;
			target = C57CB75326A7BFB4009495FE /* BookRentalAapp */;
			targetProxy = C57CB76B26A7BFB5009495FE /* PBXContainerItemProxy */;
		};
		C57CB77726A7BFB5009495FE /* PBXTargetDependency */ = {
			isa = PBXTargetDependency;
			target = C57CB75326A7BFB4009495FE /* BookRentalAapp */;
			targetProxy = C57CB77626A7BFB5009495FE /* PBXContainerItemProxy */;
		};
/* End PBXTargetDependency section */

/* Begin PBXVariantGroup section */
		C57CB75D26A7BFB4009495FE /* Main.storyboard */ = {
			isa = PBXVariantGroup;
			children = (
				C57CB75E26A7BFB4009495FE /* Base */,
			);
			name = Main.storyboard;
			sourceTree = "<group>";
		};
		C57CB76226A7BFB5009495FE /* LaunchScreen.storyboard */ = {
			isa = PBXVariantGroup;
			children = (
				C57CB76326A7BFB5009495FE /* Base */,
			);
			name = LaunchScreen.storyboard;
			sourceTree = "<group>";
		};
/* End PBXVariantGroup section */

/* Begin XCBuildConfiguration section */
		C57CB77C26A7BFB5009495FE /* Debug */ = {
			isa = XCBuildConfiguration;
			buildSettings = {
				ALWAYS_SEARCH_USER_PATHS = NO;
				CLANG_ANALYZER_NONNULL = YES;
				CLANG_ANALYZER_NUMBER_OBJECT_CONVERSION = YES_AGGRESSIVE;
				CLANG_CXX_LANGUAGE_STANDARD = "gnu++14";
				CLANG_CXX_LIBRARY = "libc++";
				CLANG_ENABLE_MODULES = YES;
				CLANG_ENABLE_OBJC_ARC = YES;
				CLANG_ENABLE_OBJC_WEAK = YES;
				CLANG_WARN_BLOCK_CAPTURE_AUTORELEASING = YES;
				CLANG_WARN_BOOL_CONVERSION = YES;
				CLANG_WARN_COMMA = YES;
				CLANG_WARN_CONSTANT_CONVERSION = YES;
				CLANG_WARN_DEPRECATED_OBJC_IMPLEMENTATIONS = YES;
				CLANG_WARN_DIRECT_OBJC_ISA_USAGE = YES_ERROR;
				CLANG_WARN_DOCUMENTATION_COMMENTS = YES;
				CLANG_WARN_EMPTY_BODY = YES;
				CLANG_WARN_ENUM_CONVERSION = YES;
				CLANG_WARN_INFINITE_RECURSION = YES;
				CLANG_WARN_INT_CONVERSION = YES;
				CLANG_WARN_NON_LITERAL_NULL_CONVERSION = YES;
				CLANG_WARN_OBJC_IMPLICIT_RETAIN_SELF = YES;
				CLANG_WARN_OBJC_LITERAL_CONVERSION = YES;
				CLANG_WARN_OBJC_ROOT_CLASS = YES_ERROR;
				CLANG_WARN_QUOTED_INCLUDE_IN_FRAMEWORK_HEADER = YES;
				CLANG_WARN_RANGE_LOOP_ANALYSIS = YES;
				CLANG_WARN_STRICT_PROTOTYPES = YES;
				CLANG_WARN_SUSPICIOUS_MOVE = YES;
				CLANG_WARN_UNGUARDED_AVAILABILITY = YES_AGGRESSIVE;
				CLANG_WARN_UNREACHABLE_CODE = YES;
				CLANG_WARN__DUPLICATE_METHOD_MATCH = YES;
				COPY_PHASE_STRIP = NO;
				DEBUG_INFORMATION_FORMAT = dwarf;
				ENABLE_STRICT_OBJC_MSGSEND = YES;
				ENABLE_TESTABILITY = YES;
				GCC_C_LANGUAGE_STANDARD = gnu11;
				GCC_DYNAMIC_NO_PIC = NO;
				GCC_NO_COMMON_BLOCKS = YES;
				GCC_OPTIMIZATION_LEVEL = 0;
				GCC_PREPROCESSOR_DEFINITIONS = (
					"DEBUG=1",
					"$(inherited)",
				);
				GCC_WARN_64_TO_32_BIT_CONVERSION = YES;
				GCC_WARN_ABOUT_RETURN_TYPE = YES_ERROR;
				GCC_WARN_UNDECLARED_SELECTOR = YES;
				GCC_WARN_UNINITIALIZED_AUTOS = YES_AGGRESSIVE;
				GCC_WARN_UNUSED_FUNCTION = YES;
				GCC_WARN_UNUSED_VARIABLE = YES;
				IPHONEOS_DEPLOYMENT_TARGET = 14.5;
				MTL_ENABLE_DEBUG_INFO = INCLUDE_SOURCE;
				MTL_FAST_MATH = YES;
				ONLY_ACTIVE_ARCH = YES;
				SDKROOT = iphoneos;
				SWIFT_ACTIVE_COMPILATION_CONDITIONS = DEBUG;
				SWIFT_OPTIMIZATION_LEVEL = "-Onone";
			};
			name = Debug;
		};
		C57CB77D26A7BFB5009495FE /* Release */ = {
			isa = XCBuildConfiguration;
			buildSettings = {
				ALWAYS_SEARCH_USER_PATHS = NO;
				CLANG_ANALYZER_NONNULL = YES;
				CLANG_ANALYZER_NUMBER_OBJECT_CONVERSION = YES_AGGRESSIVE;
				CLANG_CXX_LANGUAGE_STANDARD = "gnu++14";
				CLANG_CXX_LIBRARY = "libc++";
				CLANG_ENABLE_MODULES = YES;
				CLANG_ENABLE_OBJC_ARC = YES;
				CLANG_ENABLE_OBJC_WEAK = YES;
				CLANG_WARN_BLOCK_CAPTURE_AUTORELEASING = YES;
				CLANG_WARN_BOOL_CONVERSION = YES;
				CLANG_WARN_COMMA = YES;
				CLANG_WARN_CONSTANT_CONVERSION = YES;
				CLANG_WARN_DEPRECATED_OBJC_IMPLEMENTATIONS = YES;
				CLANG_WARN_DIRECT_OBJC_ISA_USAGE = YES_ERROR;
				CLANG_WARN_DOCUMENTATION_COMMENTS = YES;
				CLANG_WARN_EMPTY_BODY = YES;
				CLANG_WARN_ENUM_CONVERSION = YES;
				CLANG_WARN_INFINITE_RECURSION = YES;
				CLANG_WARN_INT_CONVERSION = YES;
				CLANG_WARN_NON_LITERAL_NULL_CONVERSION = YES;
				CLANG_WARN_OBJC_IMPLICIT_RETAIN_SELF = YES;
				CLANG_WARN_OBJC_LITERAL_CONVERSION = YES;
				CLANG_WARN_OBJC_ROOT_CLASS = YES_ERROR;
				CLANG_WARN_QUOTED_INCLUDE_IN_FRAMEWORK_HEADER = YES;
				CLANG_WARN_RANGE_LOOP_ANALYSIS = YES;
				CLANG_WARN_STRICT_PROTOTYPES = YES;
				CLANG_WARN_SUSPICIOUS_MOVE = YES;
				CLANG_WARN_UNGUARDED_AVAILABILITY = YES_AGGRESSIVE;
				CLANG_WARN_UNREACHABLE_CODE = YES;
				CLANG_WARN__DUPLICATE_METHOD_MATCH = YES;
				COPY_PHASE_STRIP = NO;
				DEBUG_INFORMATION_FORMAT = "dwarf-with-dsym";
				ENABLE_NS_ASSERTIONS = NO;
				ENABLE_STRICT_OBJC_MSGSEND = YES;
				GCC_C_LANGUAGE_STANDARD = gnu11;
				GCC_NO_COMMON_BLOCKS = YES;
				GCC_WARN_64_TO_32_BIT_CONVERSION = YES;
				GCC_WARN_ABOUT_RETURN_TYPE = YES_ERROR;
				GCC_WARN_UNDECLARED_SELECTOR = YES;
				GCC_WARN_UNINITIALIZED_AUTOS = YES_AGGRESSIVE;
				GCC_WARN_UNUSED_FUNCTION = YES;
				GCC_WARN_UNUSED_VARIABLE = YES;
				IPHONEOS_DEPLOYMENT_TARGET = 14.5;
				MTL_ENABLE_DEBUG_INFO = NO;
				MTL_FAST_MATH = YES;
				SDKROOT = iphoneos;
				SWIFT_COMPILATION_MODE = wholemodule;
				SWIFT_OPTIMIZATION_LEVEL = "-O";
				VALIDATE_PRODUCT = YES;
			};
			name = Release;
		};
		C57CB77F26A7BFB5009495FE /* Debug */ = {
			isa = XCBuildConfiguration;
			baseConfigurationReference = DF5010A5B712B22DED6F546F /* Pods-BookRentalAapp.debug.xcconfig */;
			buildSettings = {
				ASSETCATALOG_COMPILER_APPICON_NAME = AppIcon;
				ASSETCATALOG_COMPILER_GLOBAL_ACCENT_COLOR_NAME = AccentColor;
				CODE_SIGN_STYLE = Automatic;
				DEVELOPMENT_TEAM = 42GXJBRR46;
				INFOPLIST_FILE = BookRentalAapp/Info.plist;
				LD_RUNPATH_SEARCH_PATHS = (
					"$(inherited)",
					"@executable_path/Frameworks",
				);
				PRODUCT_BUNDLE_IDENTIFIER = com.eliel.BookRentalAapp;
				PRODUCT_NAME = "$(TARGET_NAME)";
				SWIFT_VERSION = 5.0;
				TARGETED_DEVICE_FAMILY = "1,2";
			};
			name = Debug;
		};
		C57CB78026A7BFB5009495FE /* Release */ = {
			isa = XCBuildConfiguration;
			baseConfigurationReference = 5E7A2C75C222DAB1F23A8B39 /* Pods-BookRentalAapp.release.xcconfig */;
			buildSettings = {
				ASSETCATALOG_COMPILER_APPICON_NAME = AppIcon;
				ASSETCATALOG_COMPILER_GLOBAL_ACCENT_COLOR_NAME = AccentColor;
				CODE_SIGN_STYLE = Automatic;
				DEVELOPMENT_TEAM = 42GXJBRR46;
				INFOPLIST_FILE = BookRentalAapp/Info.plist;
				LD_RUNPATH_SEARCH_PATHS = (
					"$(inherited)",
					"@executable_path/Frameworks",
				);
				PRODUCT_BUNDLE_IDENTIFIER = com.eliel.BookRentalAapp;
				PRODUCT_NAME = "$(TARGET_NAME)";
				SWIFT_VERSION = 5.0;
				TARGETED_DEVICE_FAMILY = "1,2";
			};
			name = Release;
		};
		C57CB78226A7BFB5009495FE /* Debug */ = {
			isa = XCBuildConfiguration;
			baseConfigurationReference = 6084B5B3D7DA38834A5227A0 /* Pods-BookRentalAappTests.debug.xcconfig */;
			buildSettings = {
				ALWAYS_EMBED_SWIFT_STANDARD_LIBRARIES = YES;
				BUNDLE_LOADER = "$(TEST_HOST)";
				CODE_SIGN_STYLE = Automatic;
				DEVELOPMENT_TEAM = 42GXJBRR46;
				INFOPLIST_FILE = BookRentalAappTests/Info.plist;
				IPHONEOS_DEPLOYMENT_TARGET = 14.5;
				LD_RUNPATH_SEARCH_PATHS = (
					"$(inherited)",
					"@executable_path/Frameworks",
					"@loader_path/Frameworks",
				);
				PRODUCT_BUNDLE_IDENTIFIER = com.eliel.BookRentalAappTests;
				PRODUCT_NAME = "$(TARGET_NAME)";
				SWIFT_VERSION = 5.0;
				TARGETED_DEVICE_FAMILY = "1,2";
				TEST_HOST = "$(BUILT_PRODUCTS_DIR)/BookRentalAapp.app/BookRentalAapp";
			};
			name = Debug;
		};
		C57CB78326A7BFB5009495FE /* Release */ = {
			isa = XCBuildConfiguration;
			baseConfigurationReference = FF1EF958B7AFB851A71AFB1D /* Pods-BookRentalAappTests.release.xcconfig */;
			buildSettings = {
				ALWAYS_EMBED_SWIFT_STANDARD_LIBRARIES = YES;
				BUNDLE_LOADER = "$(TEST_HOST)";
				CODE_SIGN_STYLE = Automatic;
				DEVELOPMENT_TEAM = 42GXJBRR46;
				INFOPLIST_FILE = BookRentalAappTests/Info.plist;
				IPHONEOS_DEPLOYMENT_TARGET = 14.5;
				LD_RUNPATH_SEARCH_PATHS = (
					"$(inherited)",
					"@executable_path/Frameworks",
					"@loader_path/Frameworks",
				);
				PRODUCT_BUNDLE_IDENTIFIER = com.eliel.BookRentalAappTests;
				PRODUCT_NAME = "$(TARGET_NAME)";
				SWIFT_VERSION = 5.0;
				TARGETED_DEVICE_FAMILY = "1,2";
				TEST_HOST = "$(BUILT_PRODUCTS_DIR)/BookRentalAapp.app/BookRentalAapp";
			};
			name = Release;
		};
		C57CB78526A7BFB5009495FE /* Debug */ = {
			isa = XCBuildConfiguration;
			baseConfigurationReference = 0B25731B880A4C0DBE0508A6 /* Pods-BookRentalAapp-BookRentalAappUITests.debug.xcconfig */;
			buildSettings = {
				ALWAYS_EMBED_SWIFT_STANDARD_LIBRARIES = YES;
				CODE_SIGN_STYLE = Automatic;
				DEVELOPMENT_TEAM = 42GXJBRR46;
				INFOPLIST_FILE = BookRentalAappUITests/Info.plist;
				LD_RUNPATH_SEARCH_PATHS = (
					"$(inherited)",
					"@executable_path/Frameworks",
					"@loader_path/Frameworks",
				);
				PRODUCT_BUNDLE_IDENTIFIER = com.eliel.BookRentalAappUITests;
				PRODUCT_NAME = "$(TARGET_NAME)";
				SWIFT_VERSION = 5.0;
				TARGETED_DEVICE_FAMILY = "1,2";
				TEST_TARGET_NAME = BookRentalAapp;
			};
			name = Debug;
		};
		C57CB78626A7BFB5009495FE /* Release */ = {
			isa = XCBuildConfiguration;
			baseConfigurationReference = 23BDFBC47564401B3FAC2142 /* Pods-BookRentalAapp-BookRentalAappUITests.release.xcconfig */;
			buildSettings = {
				ALWAYS_EMBED_SWIFT_STANDARD_LIBRARIES = YES;
				CODE_SIGN_STYLE = Automatic;
				DEVELOPMENT_TEAM = 42GXJBRR46;
				INFOPLIST_FILE = BookRentalAappUITests/Info.plist;
				LD_RUNPATH_SEARCH_PATHS = (
					"$(inherited)",
					"@executable_path/Frameworks",
					"@loader_path/Frameworks",
				);
				PRODUCT_BUNDLE_IDENTIFIER = com.eliel.BookRentalAappUITests;
				PRODUCT_NAME = "$(TARGET_NAME)";
				SWIFT_VERSION = 5.0;
				TARGETED_DEVICE_FAMILY = "1,2";
				TEST_TARGET_NAME = BookRentalAapp;
			};
			name = Release;
		};
/* End XCBuildConfiguration section */

/* Begin XCConfigurationList section */
		C57CB74F26A7BFB4009495FE /* Build configuration list for PBXProject "BookRentalAapp" */ = {
			isa = XCConfigurationList;
			buildConfigurations = (
				C57CB77C26A7BFB5009495FE /* Debug */,
				C57CB77D26A7BFB5009495FE /* Release */,
			);
			defaultConfigurationIsVisible = 0;
			defaultConfigurationName = Release;
		};
		C57CB77E26A7BFB5009495FE /* Build configuration list for PBXNativeTarget "BookRentalAapp" */ = {
			isa = XCConfigurationList;
			buildConfigurations = (
				C57CB77F26A7BFB5009495FE /* Debug */,
				C57CB78026A7BFB5009495FE /* Release */,
			);
			defaultConfigurationIsVisible = 0;
			defaultConfigurationName = Release;
		};
		C57CB78126A7BFB5009495FE /* Build configuration list for PBXNativeTarget "BookRentalAappTests" */ = {
			isa = XCConfigurationList;
			buildConfigurations = (
				C57CB78226A7BFB5009495FE /* Debug */,
				C57CB78326A7BFB5009495FE /* Release */,
			);
			defaultConfigurationIsVisible = 0;
			defaultConfigurationName = Release;
		};
		C57CB78426A7BFB5009495FE /* Build configuration list for PBXNativeTarget "BookRentalAappUITests" */ = {
			isa = XCConfigurationList;
			buildConfigurations = (
				C57CB78526A7BFB5009495FE /* Debug */,
				C57CB78626A7BFB5009495FE /* Release */,
			);
			defaultConfigurationIsVisible = 0;
			defaultConfigurationName = Release;
		};
/* End XCConfigurationList section */
	};
	rootObject = C57CB74C26A7BFB4009495FE /* Project object */;
}
